
Microsoft Visual Studio Solution File, Format Version 11.00
# Visual Studio 2010
Project("{F184B08F-C81C-45F6-A57F-5ABD9991F28F}") = "Aplikasi Gemblong Cinta", "Aplikasi Gemblong Cinta\Aplikasi Gemblong Cinta.vbproj", "{681180AE-0290-4BF3-A2A2-9172F0EE9439}"
EndProject
Global
	GlobalSection(SolutionConfigurationPlatforms) = preSolution
		Debug|x86 = Debug|x86
		Release|x86 = Release|x86
	EndGlobalSection
	GlobalSection(ProjectConfigurationPlatforms) = postSolution
		{681180AE-0290-4BF3-A2A2-9172F0EE9439}.Debug|x86.ActiveCfg = Debug|x86
		{681180AE-0290-4BF3-A2A2-9172F0EE9439}.Debug|x86.Build.0 = Debug|x86
		{681180AE-0290-4BF3-A2A2-9172F0EE9439}.Release|x86.ActiveCfg = Release|x86
		{681180AE-0290-4BF3-A2A2-9172F0EE9439}.Release|x86.Build.0 = Release|x86
	EndGlobalSection
	GlobalSection(SolutionProperties) = preSolution
		HideSolutionNode = FALSE
	EndGlobalSection
EndGlobal
